// !$*UTF8*$!
{
	archiveVersion = 1;
	classes = {
	};
	objectVersion = 46;
	objects = {

/* Begin PBXBuildFile section */
		4DE854021A832137002CC5D4 /* main.m in Sources */ = {isa = PBXBuildFile; fileRef = 4DE854011A832137002CC5D4 /* main.m */; };
		4DE854051A832137002CC5D4 /* AppDelegate.m in Sources */ = {isa = PBXBuildFile; fileRef = 4DE854041A832137002CC5D4 /* AppDelegate.m */; };
		4DE854081A832137002CC5D4 /* FirstViewController.m in Sources */ = {isa = PBXBuildFile; fileRef = 4DE854071A832137002CC5D4 /* FirstViewController.m */; };
		4DE8540B1A832137002CC5D4 /* SecondViewController.m in Sources */ = {isa = PBXBuildFile; fileRef = 4DE8540A1A832137002CC5D4 /* SecondViewController.m */; };
		4DE8540E1A832137002CC5D4 /* Main.storyboard in Resources */ = {isa = PBXBuildFile; fileRef = 4DE8540C1A832137002CC5D4 /* Main.storyboard */; };
		4DE854101A832137002CC5D4 /* Images.xcassets in Resources */ = {isa = PBXBuildFile; fileRef = 4DE8540F1A832137002CC5D4 /* Images.xcassets */; };
		4DE854131A832137002CC5D4 /* LaunchScreen.xib in Resources */ = {isa = PBXBuildFile; fileRef = 4DE854111A832137002CC5D4 /* LaunchScreen.xib */; };
		4DE8541F1A832137002CC5D4 /* CheckItTests.m in Sources */ = {isa = PBXBuildFile; fileRef = 4DE8541E1A832137002CC5D4 /* CheckItTests.m */; };
/* End PBXBuildFile section */

/* Begin PBXContainerItemProxy section */
		4DE854191A832137002CC5D4 /* PBXContainerItemProxy */ = {
			isa = PBXContainerItemProxy;
			containerPortal = 4DE853F41A832137002CC5D4 /* Project object */;
			proxyType = 1;
			remoteGlobalIDString = 4DE853FB1A832137002CC5D4;
			remoteInfo = CheckIt;
		};
/* End PBXContainerItemProxy section */

/* Begin PBXFileReference section */
		4DE853FC1A832137002CC5D4 /* CheckIt.app */ = {isa = PBXFileReference; explicitFileType = wrapper.application; includeInIndex = 0; path = CheckIt.app; sourceTree = BUILT_PRODUCTS_DIR; };
		4DE854001A832137002CC5D4 /* Info.plist */ = {isa = PBXFileReference; lastKnownFileType = text.plist.xml; path = Info.plist; sourceTree = "<group>"; };
		4DE854011A832137002CC5D4 /* main.m */ = {isa = PBXFileReference; lastKnownFileType = sourcecode.c.objc; path = main.m; sourceTree = "<group>"; };
		4DE854031A832137002CC5D4 /* AppDelegate.h */ = {isa = PBXFileReference; lastKnownFileType = sourcecode.c.h; path = AppDelegate.h; sourceTree = "<group>"; };
		4DE854041A832137002CC5D4 /* AppDelegate.m */ = {isa = PBXFileReference; lastKnownFileType = sourcecode.c.objc; path = AppDelegate.m; sourceTree = "<group>"; };
		4DE854061A832137002CC5D4 /* FirstViewController.h */ = {isa = PBXFileReference; lastKnownFileType = sourcecode.c.h; path = FirstViewController.h; sourceTree = "<group>"; };
		4DE854071A832137002CC5D4 /* FirstViewController.m */ = {isa = PBXFileReference; lastKnownFileType = sourcecode.c.objc; path = FirstViewController.m; sourceTree = "<group>"; };
		4DE854091A832137002CC5D4 /* SecondViewController.h */ = {isa = PBXFileReference; lastKnownFileType = sourcecode.c.h; path = SecondViewController.h; sourceTree = "<group>"; };
		4DE8540A1A832137002CC5D4 /* SecondViewController.m */ = {isa = PBXFileReference; lastKnownFileType = sourcecode.c.objc; path = SecondViewController.m; sourceTree = "<group>"; };
		4DE8540D1A832137002CC5D4 /* Base */ = {isa = PBXFileReference; lastKnownFileType = file.storyboard; name = Base; path = Base.lproj/Main.storyboard; sourceTree = "<group>"; };
		4DE8540F1A832137002CC5D4 /* Images.xcassets */ = {isa = PBXFileReference; lastKnownFileType = folder.assetcatalog; path = Images.xcassets; sourceTree = "<group>"; };
		4DE854121A832137002CC5D4 /* Base */ = {isa = PBXFileReference; lastKnownFileType = file.xib; name = Base; path = Base.lproj/LaunchScreen.xib; sourceTree = "<group>"; };
		4DE854181A832137002CC5D4 /* CheckItTests.xctest */ = {isa = PBXFileReference; explicitFileType = wrapper.cfbundle; includeInIndex = 0; path = CheckItTests.xctest; sourceTree = BUILT_PRODUCTS_DIR; };
		4DE8541D1A832137002CC5D4 /* Info.plist */ = {isa = PBXFileReference; lastKnownFileType = text.plist.xml; path = Info.plist; sourceTree = "<group>"; };
		4DE8541E1A832137002CC5D4 /* CheckItTests.m */ = {isa = PBXFileReference; lastKnownFileType = sourcecode.c.objc; path = CheckItTests.m; sourceTree = "<group>"; };
/* End PBXFileReference section */

/* Begin PBXFrameworksBuildPhase section */
		4DE853F91A832137002CC5D4 /* Frameworks */ = {
			isa = PBXFrameworksBuildPhase;
			buildActionMask = 2147483647;
			files = (
			);
			runOnlyForDeploymentPostprocessing = 0;
		};
		4DE854151A832137002CC5D4 /* Frameworks */ = {
			isa = PBXFrameworksBuildPhase;
			buildActionMask = 2147483647;
			files = (
			);
			runOnlyForDeploymentPostprocessing = 0;
		};
/* End PBXFrameworksBuildPhase section */

/* Begin PBXGroup section */
		4DE853F31A832137002CC5D4 = {
			isa = PBXGroup;
			children = (
				4DE853FE1A832137002CC5D4 /* CheckIt */,
				4DE8541B1A832137002CC5D4 /* CheckItTests */,
				4DE853FD1A832137002CC5D4 /* Products */,
			);
			sourceTree = "<group>";
		};
		4DE853FD1A832137002CC5D4 /* Products */ = {
			isa = PBXGroup;
			children = (
				4DE853FC1A832137002CC5D4 /* CheckIt.app */,
				4DE854181A832137002CC5D4 /* CheckItTests.xctest */,
			);
			name = Products;
			sourceTree = "<group>";
		};
		4DE853FE1A832137002CC5D4 /* CheckIt */ = {
			isa = PBXGroup;
			children = (
				4DE854031A832137002CC5D4 /* AppDelegate.h */,
				4DE854041A832137002CC5D4 /* AppDelegate.m */,
				4DE854061A832137002CC5D4 /* FirstViewController.h */,
				4DE854071A832137002CC5D4 /* FirstViewController.m */,
				4DE854091A832137002CC5D4 /* SecondViewController.h */,
				4DE8540A1A832137002CC5D4 /* SecondViewController.m */,
				4DE8540C1A832137002CC5D4 /* Main.storyboard */,
				4DE8540F1A832137002CC5D4 /* Images.xcassets */,
				4DE854111A832137002CC5D4 /* LaunchScreen.xib */,
				4DE853FF1A832137002CC5D4 /* Supporting Files */,
			);
			path = CheckIt;
			sourceTree = "<group>";
		};
		4DE853FF1A832137002CC5D4 /* Supporting Files */ = {
			isa = PBXGroup;
			children = (
				4DE854001A832137002CC5D4 /* Info.plist */,
				4DE854011A832137002CC5D4 /* main.m */,
			);
			name = "Supporting Files";
			sourceTree = "<group>";
		};
		4DE8541B1A832137002CC5D4 /* CheckItTests */ = {
			isa = PBXGroup;
			children = (
				4DE8541E1A832137002CC5D4 /* CheckItTests.m */,
				4DE8541C1A832137002CC5D4 /* Supporting Files */,
			);
			path = CheckItTests;
			sourceTree = "<group>";
		};
		4DE8541C1A832137002CC5D4 /* Supporting Files */ = {
			isa = PBXGroup;
			children = (
				4DE8541D1A832137002CC5D4 /* Info.plist */,
			);
			name = "Supporting Files";
			sourceTree = "<group>";
		};
/* End PBXGroup section */

/* Begin PBXNativeTarget section */
		4DE853FB1A832137002CC5D4 /* CheckIt */ = {
			isa = PBXNativeTarget;
			buildConfigurationList = 4DE854221A832137002CC5D4 /* Build configuration list for PBXNativeTarget "CheckIt" */;
			buildPhases = (
				4DE853F81A832137002CC5D4 /* Sources */,
				4DE853F91A832137002CC5D4 /* Frameworks */,
				4DE853FA1A832137002CC5D4 /* Resources */,
			);
			buildRules = (
			);
			dependencies = (
			);
			name = CheckIt;
			productName = CheckIt;
			productReference = 4DE853FC1A832137002CC5D4 /* CheckIt.app */;
			productType = "com.apple.product-type.application";
		};
		4DE854171A832137002CC5D4 /* CheckItTests */ = {
			isa = PBXNativeTarget;
			buildConfigurationList = 4DE854251A832137002CC5D4 /* Build configuration list for PBXNativeTarget "CheckItTests" */;
			buildPhases = (
				4DE854141A832137002CC5D4 /* Sources */,
				4DE854151A832137002CC5D4 /* Frameworks */,
				4DE854161A832137002CC5D4 /* Resources */,
			);
			buildRules = (
			);
			dependencies = (
				4DE8541A1A832137002CC5D4 /* PBXTargetDependency */,
			);
			name = CheckItTests;
			productName = CheckItTests;
			productReference = 4DE854181A832137002CC5D4 /* CheckItTests.xctest */;
			productType = "com.apple.product-type.bundle.unit-test";
		};
/* End PBXNativeTarget section */

/* Begin PBXProject section */
		4DE853F41A832137002CC5D4 /* Project object */ = {
			isa = PBXProject;
			attributes = {
				LastUpgradeCheck = 0620;
				ORGANIZATIONNAME = "Sub-Saharan";
				TargetAttributes = {
					4DE853FB1A832137002CC5D4 = {
						CreatedOnToolsVersion = 6.2;
					};
					4DE854171A832137002CC5D4 = {
						CreatedOnToolsVersion = 6.2;
						TestTargetID = 4DE853FB1A832137002CC5D4;
					};
				};
			};
			buildConfigurationList = 4DE853F71A832137002CC5D4 /* Build configuration list for PBXProject "CheckIt" */;
			compatibilityVersion = "Xcode 3.2";
			developmentRegion = English;
			hasScannedForEncodings = 0;
			knownRegions = (
				en,
				Base,
			);
			mainGroup = 4DE853F31A832137002CC5D4;
			productRefGroup = 4DE853FD1A832137002CC5D4 /* Products */;
			projectDirPath = "";
			projectRoot = "";
			targets = (
				4DE853FB1A832137002CC5D4 /* CheckIt */,
				4DE854171A832137002CC5D4 /* CheckItTests */,
			);
		};
/* End PBXProject section */

/* Begin PBXResourcesBuildPhase section */
		4DE853FA1A832137002CC5D4 /* Resources */ = {
			isa = PBXResourcesBuildPhase;
			buildActionMask = 2147483647;
			files = (
				4DE8540E1A832137002CC5D4 /* Main.storyboard in Resources */,
				4DE854131A832137002CC5D4 /* LaunchScreen.xib in Resources */,
				4DE854101A832137002CC5D4 /* Images.xcassets in Resources */,
			);
			runOnlyForDeploymentPostprocessing = 0;
		};
		4DE854161A832137002CC5D4 /* Resources */ = {
			isa = PBXResourcesBuildPhase;
			buildActionMask = 2147483647;
			files = (
			);
			runOnlyForDeploymentPostprocessing = 0;
		};
/* End PBXResourcesBuildPhase section */

/* Begin PBXSourcesBuildPhase section */
		4DE853F81A832137002CC5D4 /* Sources */ = {
			isa = PBXSourcesBuildPhase;
			buildActionMask = 2147483647;
			files = (
				4DE8540B1A832137002CC5D4 /* SecondViewController.m in Sources */,
				4DE854051A832137002CC5D4 /* AppDelegate.m in Sources */,
				4DE854081A832137002CC5D4 /* FirstViewController.m in Sources */,
				4DE854021A832137002CC5D4 /* main.m in Sources */,
			);
			runOnlyForDeploymentPostprocessing = 0;
		};
		4DE854141A832137002CC5D4 /* Sources */ = {
			isa = PBXSourcesBuildPhase;
			buildActionMask = 2147483647;
			files = (
				4DE8541F1A832137002CC5D4 /* CheckItTests.m in Sources */,
			);
			runOnlyForDeploymentPostprocessing = 0;
		};
/* End PBXSourcesBuildPhase section */

/* Begin PBXTargetDependency section */
		4DE8541A1A832137002CC5D4 /* PBXTargetDependency */ = {
			isa = PBXTargetDependency;
			target = 4DE853FB1A832137002CC5D4 /* CheckIt */;
			targetProxy = 4DE854191A832137002CC5D4 /* PBXContainerItemProxy */;
		};
/* End PBXTargetDependency section */

/* Begin PBXVariantGroup section */
		4DE8540C1A832137002CC5D4 /* Main.storyboard */ = {
			isa = PBXVariantGroup;
			children = (
				4DE8540D1A832137002CC5D4 /* Base */,
			);
			name = Main.storyboard;
			sourceTree = "<group>";
		};
		4DE854111A832137002CC5D4 /* LaunchScreen.xib */ = {
			isa = PBXVariantGroup;
			children = (
				4DE854121A832137002CC5D4 /* Base */,
			);
			name = LaunchScreen.xib;
			sourceTree = "<group>";
		};
/* End PBXVariantGroup section */

/* Begin XCBuildConfiguration section */
		4DE854201A832137002CC5D4 /* Debug */ = {
			isa = XCBuildConfiguration;
			buildSettings = {
				ALWAYS_SEARCH_USER_PATHS = NO;
				CLANG_CXX_LANGUAGE_STANDARD = "gnu++0x";
				CLANG_CXX_LIBRARY = "libc++";
				CLANG_ENABLE_MODULES = YES;
				CLANG_ENABLE_OBJC_ARC = YES;
				CLANG_WARN_BOOL_CONVERSION = YES;
				CLANG_WARN_CONSTANT_CONVERSION = YES;
				CLANG_WARN_DIRECT_OBJC_ISA_USAGE = YES_ERROR;
				CLANG_WARN_EMPTY_BODY = YES;
				CLANG_WARN_ENUM_CONVERSION = YES;
				CLANG_WARN_INT_CONVERSION = YES;
				CLANG_WARN_OBJC_ROOT_CLASS = YES_ERROR;
				CLANG_WARN_UNREACHABLE_CODE = YES;
				CLANG_WARN__DUPLICATE_METHOD_MATCH = YES;
				"CODE_SIGN_IDENTITY[sdk=iphoneos*]" = "iPhone Developer";
				COPY_PHASE_STRIP = NO;
				ENABLE_STRICT_OBJC_MSGSEND = YES;
				GCC_C_LANGUAGE_STANDARD = gnu99;
				GCC_DYNAMIC_NO_PIC = NO;
				GCC_OPTIMIZATION_LEVEL = 0;
				GCC_PREPROCESSOR_DEFINITIONS = (
					"DEBUG=1",
					"$(inherited)",
				);
				GCC_SYMBOLS_PRIVATE_EXTERN = NO;
				GCC_WARN_64_TO_32_BIT_CONVERSION = YES;
				GCC_WARN_ABOUT_RETURN_TYPE = YES_ERROR;
				GCC_WARN_UNDECLARED_SELECTOR = YES;
				GCC_WARN_UNINITIALIZED_AUTOS = YES_AGGRESSIVE;
				GCC_WARN_UNUSED_FUNCTION = YES;
				GCC_WARN_UNUSED_VARIABLE = YES;
				IPHONEOS_DEPLOYMENT_TARGET = 8.2;
				MTL_ENABLE_DEBUG_INFO = YES;
				ONLY_ACTIVE_ARCH = YES;
				SDKROOT = iphoneos;
				TARGETED_DEVICE_FAMILY = "1,2";
			};
			name = Debug;
		};
		4DE854211A832137002CC5D4 /* Release */ = {
			isa = XCBuildConfiguration;
			buildSettings = {
				ALWAYS_SEARCH_USER_PATHS = NO;
				CLANG_CXX_LANGUAGE_STANDARD = "gnu++0x";
				CLANG_CXX_LIBRARY = "libc++";
				CLANG_ENABLE_MODULES = YES;
				CLANG_ENABLE_OBJC_ARC = YES;
				CLANG_WARN_BOOL_CONVERSION = YES;
				CLANG_WARN_CONSTANT_CONVERSION = YES;
				CLANG_WARN_DIRECT_OBJC_ISA_USAGE = YES_ERROR;
				CLANG_WARN_EMPTY_BODY = YES;
				CLANG_WARN_ENUM_CONVERSION = YES;
				CLANG_WARN_INT_CONVERSION = YES;
				CLANG_WARN_OBJC_ROOT_CLASS = YES_ERROR;
				CLANG_WARN_UNREACHABLE_CODE = YES;
				CLANG_WARN__DUPLICATE_METHOD_MATCH = YES;
				"CODE_SIGN_IDENTITY[sdk=iphoneos*]" = "iPhone Developer";
				COPY_PHASE_STRIP = NO;
				ENABLE_NS_ASSERTIONS = NO;
				ENABLE_STRICT_OBJC_MSGSEND = YES;
				GCC_C_LANGUAGE_STANDARD = gnu99;
				GCC_WARN_64_TO_32_BIT_CONVERSION = YES;
				GCC_WARN_ABOUT_RETURN_TYPE = YES_ERROR;
				GCC_WARN_UNDECLARED_SELECTOR = YES;
				GCC_WARN_UNINITIALIZED_AUTOS = YES_AGGRESSIVE;
				GCC_WARN_UNUSED_FUNCTION = YES;
				GCC_WARN_UNUSED_VARIABLE = YES;
				IPHONEOS_DEPLOYMENT_TARGET = 8.2;
				MTL_ENABLE_DEBUG_INFO = NO;
				SDKROOT = iphoneos;
				TARGETED_DEVICE_FAMILY = "1,2";
				VALIDATE_PRODUCT = YES;
			};
			name = Release;
		};
		4DE854231A832137002CC5D4 /* Debug */ = {
			isa = XCBuildConfiguration;
			buildSettings = {
				ASSETCATALOG_COMPILER_APPICON_NAME = AppIcon;
				INFOPLIST_FILE = CheckIt/Info.plist;
				LD_RUNPATH_SEARCH_PATHS = "$(inherited) @executable_path/Frameworks";
				PRODUCT_NAME = "$(TARGET_NAME)";
			};
			name = Debug;
		};
		4DE854241A832137002CC5D4 /* Release */ = {
			isa = XCBuildConfiguration;
			buildSettings = {
				ASSETCATALOG_COMPILER_APPICON_NAME = AppIcon;
				INFOPLIST_FILE = CheckIt/Info.plist;
				LD_RUNPATH_SEARCH_PATHS = "$(inherited) @executable_path/Frameworks";
				PRODUCT_NAME = "$(TARGET_NAME)";
			};
			name = Release;
		};
		4DE854261A832137002CC5D4 /* Debug */ = {
			isa = XCBuildConfiguration;
			buildSettings = {
				BUNDLE_LOADER = "$(TEST_HOST)";
				FRAMEWORK_SEARCH_PATHS = (
					"$(SDKROOT)/Developer/Library/Frameworks",
					"$(inherited)",
				);
				GCC_PREPROCESSOR_DEFINITIONS = (
					"DEBUG=1",
					"$(inherited)",
				);
				INFOPLIST_FILE = CheckItTests/Info.plist;
				LD_RUNPATH_SEARCH_PATHS = "$(inherited) @executable_path/Frameworks @loader_path/Frameworks";
				PRODUCT_NAME = "$(TARGET_NAME)";
				TEST_HOST = "$(BUILT_PRODUCTS_DIR)/CheckIt.app/CheckIt";
			};
			name = Debug;
		};
		4DE854271A832137002CC5D4 /* Release */ = {
			isa = XCBuildConfiguration;
			buildSettings = {
				BUNDLE_LOADER = "$(TEST_HOST)";
				FRAMEWORK_SEARCH_PATHS = (
					"$(SDKROOT)/Developer/Library/Frameworks",
					"$(inherited)",
				);
				INFOPLIST_FILE = CheckItTests/Info.plist;
				LD_RUNPATH_SEARCH_PATHS = "$(inherited) @executable_path/Frameworks @loader_path/Frameworks";
				PRODUCT_NAME = "$(TARGET_NAME)";
				TEST_HOST = "$(BUILT_PRODUCTS_DIR)/CheckIt.app/CheckIt";
			};
			name = Release;
		};
/* End XCBuildConfiguration section */

/* Begin XCConfigurationList section */
		4DE853F71A832137002CC5D4 /* Build configuration list for PBXProject "CheckIt" */ = {
			isa = XCConfigurationList;
			buildConfigurations = (
				4DE854201A832137002CC5D4 /* Debug */,
				4DE854211A832137002CC5D4 /* Release */,
			);
			defaultConfigurationIsVisible = 0;
			defaultConfigurationName = Release;
		};
		4DE854221A832137002CC5D4 /* Build configuration list for PBXNativeTarget "CheckIt" */ = {
			isa = XCConfigurationList;
			buildConfigurations = (
				4DE854231A832137002CC5D4 /* Debug */,
				4DE854241A832137002CC5D4 /* Release */,
			);
			defaultConfigurationIsVisible = 0;
			defaultConfigurationName = Release;
		};
		4DE854251A832137002CC5D4 /* Build configuration list for PBXNativeTarget "CheckItTests" */ = {
			isa = XCConfigurationList;
			buildConfigurations = (
				4DE854261A832137002CC5D4 /* Debug */,
				4DE854271A832137002CC5D4 /* Release */,
			);
			defaultConfigurationIsVisible = 0;
			defaultConfigurationName = Release;
		};
/* End XCConfigurationList section */
	};
	rootObject = 4DE853F41A832137002CC5D4 /* Project object */;
}
